
Microsoft Visual Studio Solution File, Format Version 12.00
# Visual Studio Version 17
VisualStudioVersion = 17.14.36518.9 d17.14
MinimumVisualStudioVersion = 10.0.40219.1
Project("{FAE04EC0-301F-11D3-BF4B-00C04F79EFBC}") = "ExerciceNoté", "ExerciceNoté\ExerciceNoté.csproj", "{45207CA6-7D9C-4159-8786-E6B279050C75}"
EndProject
Global
	GlobalSection(SolutionConfigurationPlatforms) = preSolution
		Debug|Any CPU = Debug|Any CPU
		Release|Any CPU = Release|Any CPU
	EndGlobalSection
	GlobalSection(ProjectConfigurationPlatforms) = postSolution
		{45207CA6-7D9C-4159-8786-E6B279050C75}.Debug|Any CPU.ActiveCfg = Debug|Any CPU
		{45207CA6-7D9C-4159-8786-E6B279050C75}.Debug|Any CPU.Build.0 = Debug|Any CPU
		{45207CA6-7D9C-4159-8786-E6B279050C75}.Release|Any CPU.ActiveCfg = Release|Any CPU
		{45207CA6-7D9C-4159-8786-E6B279050C75}.Release|Any CPU.Build.0 = Release|Any CPU
	EndGlobalSection
	GlobalSection(SolutionProperties) = preSolution
		HideSolutionNode = FALSE
	EndGlobalSection
	GlobalSection(ExtensibilityGlobals) = postSolution
		SolutionGuid = {DC389715-8E47-46CB-92D9-5E6291C26633}
	EndGlobalSection
EndGlobal
